{
  "name": "backend",
  "lockfileVersion": 3,
  "requires": true,
  "packages": {
    "": {
      "dependencies": {
        "roslib": "^2.1.0"
      }
    },
    "node_modules/@cto.af/wtf8": {
      "version": "0.0.5",
      "resolved": "https://registry.npmjs.org/@cto.af/wtf8/-/wtf8-0.0.5.tgz",
      "integrity": "sha512-LfUFi+Vv4eDzj+XAtR89e3wwjXA/NZjUSwU5NhwbBrLecxPaBYFy3exCuc1j+D4UZeOVdqlsl8G7LmOt18V0tg==",
      "license": "MIT",
      "engines": {
        "node": ">=20"
      }
    },
    "node_modules/@xmldom/xmldom": {
      "version": "0.9.10",
      "resolved": "https://registry.npmjs.org/@xmldom/xmldom/-/xmldom-0.9.10.tgz",
      "integrity": "sha512-A9gOqLdi6cV4ibazAjcQufGj0B1y/vDqYrcuP6d/6x8P27gRS8643Dj9o1dEKtB6O7fwxb2FgBmJS2mX7gpvdw==",
      "license": "MIT",
      "engines": {
        "node": ">=14.6"
      }
    },
    "node_modules/bson": {
      "version": "7.3.1",
      "resolved": "https://registry.npmjs.org/bson/-/bson-7.3.1.tgz",
      "integrity": "sha512-h/C0qe6857pQhcSJHLfsR1uYGj98Ge3wKAD3Ed9KqH3wcVh+BM4Jq4xISD7vs9OPuT07n+q3QQVjslJ286j6ag==",
      "license": "Apache-2.0",
      "engines": {
        "node": ">=20.19.0"
      }
    },
    "node_modules/cbor2": {
      "version": "2.3.0",
      "resolved": "https://registry.npmjs.org/cbor2/-/cbor2-2.3.0.tgz",
      "integrity": "sha512-76WB3hq8BoaGkMkBVJ27fW5LJU+qqDLEpgRNCG/SYKhODWXpVPOTD4UcUto3IEzYLA52nsvbhb0wabhHDn3qXg==",
      "license": "MIT",
      "dependencies": {
        "@cto.af/wtf8": "0.0.5"
      },
      "engines": {
        "node": ">=20"
      }
    },
    "node_modules/eventemitter3": {
      "version": "5.0.4",
      "resolved": "https://registry.npmjs.org/eventemitter3/-/eventemitter3-5.0.4.tgz",
      "integrity": "sha512-mlsTRyGaPBjPedk6Bvw+aqbsXDtoAyAzm5MO7JgU+yVRyMQ5O8bD4Kcci7BS85f93veegeCPkL8R4GLClnjLFw==",
      "license": "MIT"
    },
    "node_modules/fast-png": {
      "version": "8.0.0",
      "resolved": "https://registry.npmjs.org/fast-png/-/fast-png-8.0.0.tgz",
      "integrity": "sha512-gCysNasJ8KEMgfdYIKd/wTDo6ENK1PWT0RJO7O+0pgmuHPw2O6tA1WvdxFRJoLf9V8yFYpG0FA1YgI8X97OhJA==",
      "license": "MIT",
      "dependencies": {
        "fflate": "^0.8.2",
        "iobuffer": "^6.0.1"
      }
    },
    "node_modules/fflate": {
      "version": "0.8.3",
      "resolved": "https://registry.npmjs.org/fflate/-/fflate-0.8.3.tgz",
      "integrity": "sha512-tbZNuJrLwGUp3zshBtdy4W+ORxZuIh8a5ilyIEQDC5rY1f3U20JMry0Ll3WBzU58EZKsEuJFXhb5gwv8CsPvgA==",
      "license": "MIT"
    },
    "node_modules/iobuffer": {
      "version": "6.0.1",
      "resolved": "https://registry.npmjs.org/iobuffer/-/iobuffer-6.0.1.tgz",
      "integrity": "sha512-SZWYkWNfjIXIBYSDpXDYIgshqtbOPsi4lviawAEceR1Kqk+sHDlcQjWrzNQsii80AyBY0q5c8HCTNjqo74ul+Q==",
      "license": "MIT"
    },
    "node_modules/roslib": {
      "version": "2.1.0",
      "resolved": "https://registry.npmjs.org/roslib/-/roslib-2.1.0.tgz",
      "integrity": "sha512-6njMdjGvXAeAsseE7fu2AWDszOrOLWGb2UpCdCzNLul3f6piclORFmmbWXl+3K8gBMDUSvwAeg93eMrh0SkqKQ==",
      "license": "BSD-2-Clause",
      "dependencies": {
        "@xmldom/xmldom": "^0.9.8",
        "bson": "^7.2.0",
        "cbor2": "^2.2.1",
        "eventemitter3": "^5.0.1",
        "fast-png": "^8.0.0",
        "uuid": "^13.0.0",
        "ws": "^8.19.0"
      },
      "engines": {
        "node": ">=20"
      }
    },
    "node_modules/uuid": {
      "version": "13.0.2",
      "resolved": "https://registry.npmjs.org/uuid/-/uuid-13.0.2.tgz",
      "integrity": "sha512-vzi9uRZ926x4XV73S/4qQaTwPXM2JBj6/6lI/byHH1jOpCzb0zDbfytgA9LcN/hzb2l7WQSQnxITOVx5un/wGw==",
      "funding": [
        "https://github.com/sponsors/broofa",
        "https://github.com/sponsors/ctavan"
      ],
      "license": "MIT",
      "bin": {
        "uuid": "dist-node/bin/uuid"
      }
    },
    "node_modules/ws": {
      "version": "8.21.1",
      "resolved": "https://registry.npmjs.org/ws/-/ws-8.21.1.tgz",
      "integrity": "sha512-+0NTnW77fFN/DjQi6k/Sq/Yvk4Sgajw7urW8V+asjXnRgDs9gyGkdb7EzgfhA4goXsRIZKE28fzIXBHEzhuiWw==",
      "license": "MIT",
      "engines": {
        "node": ">=10.0.0"
      },
      "peerDependencies": {
        "bufferutil": "^4.0.1",
        "utf-8-validate": ">=5.0.2"
      },
      "peerDependenciesMeta": {
        "bufferutil": {
          "optional": true
        },
        "utf-8-validate": {
          "optional": true
        }
      }
    }
  }
}
